
Microsoft Visual Studio Solution File, Format Version 12.00
# Visual Studio Version 16
VisualStudioVersion = 16.0.32930.78
MinimumVisualStudioVersion = 10.0.40219.1
Project("{00D1A9C2-B5F0-4AF3-8072-F6C62B433612}") = "SrilekhaAdventure", "SrilekhaAdventure\SrilekhaAdventure.sqlproj", "{050A6528-0FBA-4803-8A7E-144C8425F4B8}"
EndProject
Global
	GlobalSection(SolutionConfigurationPlatforms) = preSolution
		Debug|Any CPU = Debug|Any CPU
		Release|Any CPU = Release|Any CPU
	EndGlobalSection
	GlobalSection(ProjectConfigurationPlatforms) = postSolution
		{050A6528-0FBA-4803-8A7E-144C8425F4B8}.Debug|Any CPU.ActiveCfg = Debug|Any CPU
		{050A6528-0FBA-4803-8A7E-144C8425F4B8}.Debug|Any CPU.Build.0 = Debug|Any CPU
		{050A6528-0FBA-4803-8A7E-144C8425F4B8}.Debug|Any CPU.Deploy.0 = Debug|Any CPU
		{050A6528-0FBA-4803-8A7E-144C8425F4B8}.Release|Any CPU.ActiveCfg = Release|Any CPU
		{050A6528-0FBA-4803-8A7E-144C8425F4B8}.Release|Any CPU.Build.0 = Release|Any CPU
		{050A6528-0FBA-4803-8A7E-144C8425F4B8}.Release|Any CPU.Deploy.0 = Release|Any CPU
	EndGlobalSection
	GlobalSection(SolutionProperties) = preSolution
		HideSolutionNode = FALSE
	EndGlobalSection
	GlobalSection(ExtensibilityGlobals) = postSolution
		SolutionGuid = {615987E4-8D39-444E-804B-642022D55B92}
	EndGlobalSection
EndGlobal
